
Microsoft Visual Studio Solution File, Format Version 12.00
# Visual Studio Version 17
VisualStudioVersion = 17.4.33205.214
MinimumVisualStudioVersion = 10.0.40219.1
Project("{FAE04EC0-301F-11D3-BF4B-00C04F79EFBC}") = "uScriptExtended", "uScriptEvents\uScriptExtended.csproj", "{8ED8FBA6-3E73-4630-8ED1-C1EA453856DF}"
EndProject
Project("{2150E333-8FDC-42A3-9474-1A3956D46DE8}") = "Solution Items", "Solution Items", "{D1CD0531-E169-4E27-AE69-9AFFDA6059BE}"
	ProjectSection(SolutionItems) = preProject
		.editorconfig = .editorconfig
	EndProjectSection
EndProject
Global
	GlobalSection(SolutionConfigurationPlatforms) = preSolution
		Debug|Any CPU = Debug|Any CPU
		Release|Any CPU = Release|Any CPU
	EndGlobalSection
	GlobalSection(ProjectConfigurationPlatforms) = postSolution
		{8ED8FBA6-3E73-4630-8ED1-C1EA453856DF}.Debug|Any CPU.ActiveCfg = Debug|Any CPU
		{8ED8FBA6-3E73-4630-8ED1-C1EA453856DF}.Debug|Any CPU.Build.0 = Debug|Any CPU
		{8ED8FBA6-3E73-4630-8ED1-C1EA453856DF}.Release|Any CPU.ActiveCfg = Release|Any CPU
		{8ED8FBA6-3E73-4630-8ED1-C1EA453856DF}.Release|Any CPU.Build.0 = Release|Any CPU
	EndGlobalSection
	GlobalSection(SolutionProperties) = preSolution
		HideSolutionNode = FALSE
	EndGlobalSection
	GlobalSection(ExtensibilityGlobals) = postSolution
		SolutionGuid = {9AF475E1-7B6F-48A3-B9ED-C0A203D33D1C}
	EndGlobalSection
EndGlobal
